
Microsoft Visual Studio Solution File, Format Version 12.00
# Visual Studio Version 16
VisualStudioVersion = 16.0.31515.178
MinimumVisualStudioVersion = 10.0.40219.1
Project("{888888A0-9F3D-457C-B088-3A5042F75D52}") = "CIS261CourseProject", "CIS261CourseProject\CIS261CourseProject.pyproj", "{30671B1C-2B89-49A1-8A15-9BFAF60BC574}"
EndProject
Global
	GlobalSection(SolutionConfigurationPlatforms) = preSolution
		Debug|Any CPU = Debug|Any CPU
		Release|Any CPU = Release|Any CPU
	EndGlobalSection
	GlobalSection(ProjectConfigurationPlatforms) = postSolution
		{30671B1C-2B89-49A1-8A15-9BFAF60BC574}.Debug|Any CPU.ActiveCfg = Debug|Any CPU
		{30671B1C-2B89-49A1-8A15-9BFAF60BC574}.Release|Any CPU.ActiveCfg = Release|Any CPU
	EndGlobalSection
	GlobalSection(SolutionProperties) = preSolution
		HideSolutionNode = FALSE
	EndGlobalSection
	GlobalSection(ExtensibilityGlobals) = postSolution
		SolutionGuid = {D02B927A-9801-4D76-A03D-2814EF5FA743}
	EndGlobalSection
EndGlobal
